<?xml version="1.0" encoding="utf-8"?>
<Project ToolsVersion="4.0" xmlns="http://schemas.microsoft.com/developer/msbuild/2003">
  <ItemGroup>
    <Filter Include="Lacerta">
      <UniqueIdentifier>{21DC86C7-8DBB-0563-96D3-903902326CC4}</UniqueIdentifier>
    </Filter>
  </ItemGroup>
  <ItemGroup>
    <ClInclude Include="src\Lacerta.h" />
    <ClInclude Include="src\Lacerta\Application.h">
      <Filter>Lacerta</Filter>
    </ClInclude>
    <ClInclude Include="src\Lacerta\Core.h">
      <Filter>Lacerta</Filter>
    </ClInclude>
    <ClInclude Include="src\Lacerta\EntryPoint.h">
      <Filter>Lacerta</Filter>
    </ClInclude>
    <ClInclude Include="src\Lacerta\Logger.h">
      <Filter>Lacerta</Filter>
    </ClInclude>
  </ItemGroup>
  <ItemGroup>
    <ClCompile Include="src\Lacerta\Application.cpp">
      <Filter>Lacerta</Filter>
    </ClCompile>
    <ClCompile Include="src\Lacerta\Logger.cpp">
      <Filter>Lacerta</Filter>
    </ClCompile>
  </ItemGroup>
</Project>